// !$*UTF8*$!
{
	archiveVersion = 1;
	classes = {
	};
	objectVersion = 56;
	objects = {

/* Begin PBXBuildFile section */
		445037FC2C94B2A800D24926 /* GoogleService-Info.plist in Resources */ = {isa = PBXBuildFile; fileRef = 445037FB2C94B2A800D24926 /* GoogleService-Info.plist */; };
		445037FF2C94B34000D24926 /* FirebaseAnalytics in Frameworks */ = {isa = PBXBuildFile; productRef = 445037FE2C94B34000D24926 /* FirebaseAnalytics */; };
		445038012C94B34000D24926 /* FirebaseAuth in Frameworks */ = {isa = PBXBuildFile; productRef = 445038002C94B34000D24926 /* FirebaseAuth */; };
		445038032C94B34000D24926 /* FirebaseDatabase in Frameworks */ = {isa = PBXBuildFile; productRef = 445038022C94B34000D24926 /* FirebaseDatabase */; };
		44C985072C8B589400C7BE27 /* JobSearchLogApp.swift in Sources */ = {isa = PBXBuildFile; fileRef = 44C985062C8B589400C7BE27 /* JobSearchLogApp.swift */; };
		44C9850B2C8B589600C7BE27 /* Assets.xcassets in Resources */ = {isa = PBXBuildFile; fileRef = 44C9850A2C8B589600C7BE27 /* Assets.xcassets */; };
		44C9850E2C8B589600C7BE27 /* Preview Assets.xcassets in Resources */ = {isa = PBXBuildFile; fileRef = 44C9850D2C8B589600C7BE27 /* Preview Assets.xcassets */; };
		44D8A3E12C961A8400D87C6C /* AuthenticationManager.swift in Sources */ = {isa = PBXBuildFile; fileRef = 44D8A3E02C961A8400D87C6C /* AuthenticationManager.swift */; };
		44D8A3E32C961AE700D87C6C /* RootView.swift in Sources */ = {isa = PBXBuildFile; fileRef = 44D8A3E22C961AE700D87C6C /* RootView.swift */; };
		44D8A3E52C961B5400D87C6C /* SignInEmailView.swift in Sources */ = {isa = PBXBuildFile; fileRef = 44D8A3E42C961B5400D87C6C /* SignInEmailView.swift */; };
		44D8A3E72C9629EB00D87C6C /* AuthDataResultModel.swift in Sources */ = {isa = PBXBuildFile; fileRef = 44D8A3E62C9629EB00D87C6C /* AuthDataResultModel.swift */; };
		44D8A3EA2C96A11800D87C6C /* SettingsView.swift in Sources */ = {isa = PBXBuildFile; fileRef = 44D8A3E92C96A11800D87C6C /* SettingsView.swift */; };
		44D8A3EC2C96A18900D87C6C /* SettingsViewModel.swift in Sources */ = {isa = PBXBuildFile; fileRef = 44D8A3EB2C96A18900D87C6C /* SettingsViewModel.swift */; };
		44D8A3EE2C96A36C00D87C6C /* SignInEmailViewModel.swift in Sources */ = {isa = PBXBuildFile; fileRef = 44D8A3ED2C96A36C00D87C6C /* SignInEmailViewModel.swift */; };
		44D8A3F02C96A3D500D87C6C /* AuthenticationView.swift in Sources */ = {isa = PBXBuildFile; fileRef = 44D8A3EF2C96A3D500D87C6C /* AuthenticationView.swift */; };
/* End PBXBuildFile section */

/* Begin PBXFileReference section */
		445037FB2C94B2A800D24926 /* GoogleService-Info.plist */ = {isa = PBXFileReference; fileEncoding = 4; lastKnownFileType = text.plist.xml; path = "GoogleService-Info.plist"; sourceTree = "<group>"; };
		44C985032C8B589400C7BE27 /* JobSearchLog.app */ = {isa = PBXFileReference; explicitFileType = wrapper.application; includeInIndex = 0; path = JobSearchLog.app; sourceTree = BUILT_PRODUCTS_DIR; };
		44C985062C8B589400C7BE27 /* JobSearchLogApp.swift */ = {isa = PBXFileReference; lastKnownFileType = sourcecode.swift; path = JobSearchLogApp.swift; sourceTree = "<group>"; };
		44C9850A2C8B589600C7BE27 /* Assets.xcassets */ = {isa = PBXFileReference; lastKnownFileType = folder.assetcatalog; path = Assets.xcassets; sourceTree = "<group>"; };
		44C9850D2C8B589600C7BE27 /* Preview Assets.xcassets */ = {isa = PBXFileReference; lastKnownFileType = folder.assetcatalog; path = "Preview Assets.xcassets"; sourceTree = "<group>"; };
		44D8A3E02C961A8400D87C6C /* AuthenticationManager.swift */ = {isa = PBXFileReference; lastKnownFileType = sourcecode.swift; path = AuthenticationManager.swift; sourceTree = "<group>"; };
		44D8A3E22C961AE700D87C6C /* RootView.swift */ = {isa = PBXFileReference; lastKnownFileType = sourcecode.swift; path = RootView.swift; sourceTree = "<group>"; };
		44D8A3E42C961B5400D87C6C /* SignInEmailView.swift */ = {isa = PBXFileReference; lastKnownFileType = sourcecode.swift; path = SignInEmailView.swift; sourceTree = "<group>"; };
		44D8A3E62C9629EB00D87C6C /* AuthDataResultModel.swift */ = {isa = PBXFileReference; lastKnownFileType = sourcecode.swift; path = AuthDataResultModel.swift; sourceTree = "<group>"; };
		44D8A3E92C96A11800D87C6C /* SettingsView.swift */ = {isa = PBXFileReference; lastKnownFileType = sourcecode.swift; path = SettingsView.swift; sourceTree = "<group>"; };
		44D8A3EB2C96A18900D87C6C /* SettingsViewModel.swift */ = {isa = PBXFileReference; lastKnownFileType = sourcecode.swift; path = SettingsViewModel.swift; sourceTree = "<group>"; };
		44D8A3ED2C96A36C00D87C6C /* SignInEmailViewModel.swift */ = {isa = PBXFileReference; lastKnownFileType = sourcecode.swift; path = SignInEmailViewModel.swift; sourceTree = "<group>"; };
		44D8A3EF2C96A3D500D87C6C /* AuthenticationView.swift */ = {isa = PBXFileReference; lastKnownFileType = sourcecode.swift; path = AuthenticationView.swift; sourceTree = "<group>"; };
/* End PBXFileReference section */

/* Begin PBXFrameworksBuildPhase section */
		44C985002C8B589400C7BE27 /* Frameworks */ = {
			isa = PBXFrameworksBuildPhase;
			buildActionMask = 2147483647;
			files = (
				445038032C94B34000D24926 /* FirebaseDatabase in Frameworks */,
				445037FF2C94B34000D24926 /* FirebaseAnalytics in Frameworks */,
				445038012C94B34000D24926 /* FirebaseAuth in Frameworks */,
			);
			runOnlyForDeploymentPostprocessing = 0;
		};
/* End PBXFrameworksBuildPhase section */

/* Begin PBXGroup section */
		44C984FA2C8B589400C7BE27 = {
			isa = PBXGroup;
			children = (
				44C985052C8B589400C7BE27 /* JobSearchLog */,
				44C985042C8B589400C7BE27 /* Products */,
			);
			sourceTree = "<group>";
		};
		44C985042C8B589400C7BE27 /* Products */ = {
			isa = PBXGroup;
			children = (
				44C985032C8B589400C7BE27 /* JobSearchLog.app */,
			);
			name = Products;
			sourceTree = "<group>";
		};
		44C985052C8B589400C7BE27 /* JobSearchLog */ = {
			isa = PBXGroup;
			children = (
				44C985062C8B589400C7BE27 /* JobSearchLogApp.swift */,
				44D8A3E22C961AE700D87C6C /* RootView.swift */,
				44D8A3E82C9629F000D87C6C /* Model */,
				44D8A3DF2C961A7100D87C6C /* Authentication */,
				445037FB2C94B2A800D24926 /* GoogleService-Info.plist */,
				44C9850A2C8B589600C7BE27 /* Assets.xcassets */,
				44C9850C2C8B589600C7BE27 /* Preview Content */,
			);
			path = JobSearchLog;
			sourceTree = "<group>";
		};
		44C9850C2C8B589600C7BE27 /* Preview Content */ = {
			isa = PBXGroup;
			children = (
				44C9850D2C8B589600C7BE27 /* Preview Assets.xcassets */,
			);
			path = "Preview Content";
			sourceTree = "<group>";
		};
		44D8A3DF2C961A7100D87C6C /* Authentication */ = {
			isa = PBXGroup;
			children = (
				44D8A3E02C961A8400D87C6C /* AuthenticationManager.swift */,
				44D8A3EF2C96A3D500D87C6C /* AuthenticationView.swift */,
				44D8A3F22C96A40300D87C6C /* SettingsView */,
				44D8A3F12C96A3F100D87C6C /* SignInEmailView */,
			);
			path = Authentication;
			sourceTree = "<group>";
		};
		44D8A3E82C9629F000D87C6C /* Model */ = {
			isa = PBXGroup;
			children = (
				44D8A3E62C9629EB00D87C6C /* AuthDataResultModel.swift */,
			);
			path = Model;
			sourceTree = "<group>";
		};
		44D8A3F12C96A3F100D87C6C /* SignInEmailView */ = {
			isa = PBXGroup;
			children = (
				44D8A3E42C961B5400D87C6C /* SignInEmailView.swift */,
				44D8A3ED2C96A36C00D87C6C /* SignInEmailViewModel.swift */,
			);
			path = SignInEmailView;
			sourceTree = "<group>";
		};
		44D8A3F22C96A40300D87C6C /* SettingsView */ = {
			isa = PBXGroup;
			children = (
				44D8A3E92C96A11800D87C6C /* SettingsView.swift */,
				44D8A3EB2C96A18900D87C6C /* SettingsViewModel.swift */,
			);
			path = SettingsView;
			sourceTree = "<group>";
		};
/* End PBXGroup section */

/* Begin PBXNativeTarget section */
		44C985022C8B589400C7BE27 /* JobSearchLog */ = {
			isa = PBXNativeTarget;
			buildConfigurationList = 44C985112C8B589600C7BE27 /* Build configuration list for PBXNativeTarget "JobSearchLog" */;
			buildPhases = (
				44C984FF2C8B589400C7BE27 /* Sources */,
				44C985002C8B589400C7BE27 /* Frameworks */,
				44C985012C8B589400C7BE27 /* Resources */,
			);
			buildRules = (
			);
			dependencies = (
			);
			name = JobSearchLog;
			packageProductDependencies = (
				445037FE2C94B34000D24926 /* FirebaseAnalytics */,
				445038002C94B34000D24926 /* FirebaseAuth */,
				445038022C94B34000D24926 /* FirebaseDatabase */,
			);
			productName = JobSearchLog;
			productReference = 44C985032C8B589400C7BE27 /* JobSearchLog.app */;
			productType = "com.apple.product-type.application";
		};
/* End PBXNativeTarget section */

/* Begin PBXProject section */
		44C984FB2C8B589400C7BE27 /* Project object */ = {
			isa = PBXProject;
			attributes = {
				BuildIndependentTargetsInParallel = 1;
				LastSwiftUpdateCheck = 1540;
				LastUpgradeCheck = 1540;
				TargetAttributes = {
					44C985022C8B589400C7BE27 = {
						CreatedOnToolsVersion = 15.4;
					};
				};
			};
			buildConfigurationList = 44C984FE2C8B589400C7BE27 /* Build configuration list for PBXProject "JobSearchLog" */;
			compatibilityVersion = "Xcode 14.0";
			developmentRegion = en;
			hasScannedForEncodings = 0;
			knownRegions = (
				en,
				Base,
			);
			mainGroup = 44C984FA2C8B589400C7BE27;
			packageReferences = (
				445037FD2C94B34000D24926 /* XCRemoteSwiftPackageReference "firebase-ios-sdk" */,
			);
			productRefGroup = 44C985042C8B589400C7BE27 /* Products */;
			projectDirPath = "";
			projectRoot = "";
			targets = (
				44C985022C8B589400C7BE27 /* JobSearchLog */,
			);
		};
/* End PBXProject section */

/* Begin PBXResourcesBuildPhase section */
		44C985012C8B589400C7BE27 /* Resources */ = {
			isa = PBXResourcesBuildPhase;
			buildActionMask = 2147483647;
			files = (
				44C9850E2C8B589600C7BE27 /* Preview Assets.xcassets in Resources */,
				445037FC2C94B2A800D24926 /* GoogleService-Info.plist in Resources */,
				44C9850B2C8B589600C7BE27 /* Assets.xcassets in Resources */,
			);
			runOnlyForDeploymentPostprocessing = 0;
		};
/* End PBXResourcesBuildPhase section */

/* Begin PBXSourcesBuildPhase section */
		44C984FF2C8B589400C7BE27 /* Sources */ = {
			isa = PBXSourcesBuildPhase;
			buildActionMask = 2147483647;
			files = (
				44D8A3E32C961AE700D87C6C /* RootView.swift in Sources */,
				44D8A3EE2C96A36C00D87C6C /* SignInEmailViewModel.swift in Sources */,
				44D8A3E12C961A8400D87C6C /* AuthenticationManager.swift in Sources */,
				44C985072C8B589400C7BE27 /* JobSearchLogApp.swift in Sources */,
				44D8A3EA2C96A11800D87C6C /* SettingsView.swift in Sources */,
				44D8A3F02C96A3D500D87C6C /* AuthenticationView.swift in Sources */,
				44D8A3E72C9629EB00D87C6C /* AuthDataResultModel.swift in Sources */,
				44D8A3E52C961B5400D87C6C /* SignInEmailView.swift in Sources */,
				44D8A3EC2C96A18900D87C6C /* SettingsViewModel.swift in Sources */,
			);
			runOnlyForDeploymentPostprocessing = 0;
		};
/* End PBXSourcesBuildPhase section */

/* Begin XCBuildConfiguration section */
		44C9850F2C8B589600C7BE27 /* Debug */ = {
			isa = XCBuildConfiguration;
			buildSettings = {
				ALWAYS_SEARCH_USER_PATHS = NO;
				ASSETCATALOG_COMPILER_GENERATE_SWIFT_ASSET_SYMBOL_EXTENSIONS = YES;
				CLANG_ANALYZER_NONNULL = YES;
				CLANG_ANALYZER_NUMBER_OBJECT_CONVERSION = YES_AGGRESSIVE;
				CLANG_CXX_LANGUAGE_STANDARD = "gnu++20";
				CLANG_ENABLE_MODULES = YES;
				CLANG_ENABLE_OBJC_ARC = YES;
				CLANG_ENABLE_OBJC_WEAK = YES;
				CLANG_WARN_BLOCK_CAPTURE_AUTORELEASING = YES;
				CLANG_WARN_BOOL_CONVERSION = YES;
				CLANG_WARN_COMMA = YES;
				CLANG_WARN_CONSTANT_CONVERSION = YES;
				CLANG_WARN_DEPRECATED_OBJC_IMPLEMENTATIONS = YES;
				CLANG_WARN_DIRECT_OBJC_ISA_USAGE = YES_ERROR;
				CLANG_WARN_DOCUMENTATION_COMMENTS = YES;
				CLANG_WARN_EMPTY_BODY = YES;
				CLANG_WARN_ENUM_CONVERSION = YES;
				CLANG_WARN_INFINITE_RECURSION = YES;
				CLANG_WARN_INT_CONVERSION = YES;
				CLANG_WARN_NON_LITERAL_NULL_CONVERSION = YES;
				CLANG_WARN_OBJC_IMPLICIT_RETAIN_SELF = YES;
				CLANG_WARN_OBJC_LITERAL_CONVERSION = YES;
				CLANG_WARN_OBJC_ROOT_CLASS = YES_ERROR;
				CLANG_WARN_QUOTED_INCLUDE_IN_FRAMEWORK_HEADER = YES;
				CLANG_WARN_RANGE_LOOP_ANALYSIS = YES;
				CLANG_WARN_STRICT_PROTOTYPES = YES;
				CLANG_WARN_SUSPICIOUS_MOVE = YES;
				CLANG_WARN_UNGUARDED_AVAILABILITY = YES_AGGRESSIVE;
				CLANG_WARN_UNREACHABLE_CODE = YES;
				CLANG_WARN__DUPLICATE_METHOD_MATCH = YES;
				COPY_PHASE_STRIP = NO;
				DEBUG_INFORMATION_FORMAT = dwarf;
				ENABLE_STRICT_OBJC_MSGSEND = YES;
				ENABLE_TESTABILITY = YES;
				ENABLE_USER_SCRIPT_SANDBOXING = YES;
				GCC_C_LANGUAGE_STANDARD = gnu17;
				GCC_DYNAMIC_NO_PIC = NO;
				GCC_NO_COMMON_BLOCKS = YES;
				GCC_OPTIMIZATION_LEVEL = 0;
				GCC_PREPROCESSOR_DEFINITIONS = (
					"DEBUG=1",
					"$(inherited)",
				);
				GCC_WARN_64_TO_32_BIT_CONVERSION = YES;
				GCC_WARN_ABOUT_RETURN_TYPE = YES_ERROR;
				GCC_WARN_UNDECLARED_SELECTOR = YES;
				GCC_WARN_UNINITIALIZED_AUTOS = YES_AGGRESSIVE;
				GCC_WARN_UNUSED_FUNCTION = YES;
				GCC_WARN_UNUSED_VARIABLE = YES;
				IPHONEOS_DEPLOYMENT_TARGET = 17.5;
				LOCALIZATION_PREFERS_STRING_CATALOGS = YES;
				MTL_ENABLE_DEBUG_INFO = INCLUDE_SOURCE;
				MTL_FAST_MATH = YES;
				ONLY_ACTIVE_ARCH = YES;
				SDKROOT = iphoneos;
				SWIFT_ACTIVE_COMPILATION_CONDITIONS = "DEBUG $(inherited)";
				SWIFT_OPTIMIZATION_LEVEL = "-Onone";
			};
			name = Debug;
		};
		44C985102C8B589600C7BE27 /* Release */ = {
			isa = XCBuildConfiguration;
			buildSettings = {
				ALWAYS_SEARCH_USER_PATHS = NO;
				ASSETCATALOG_COMPILER_GENERATE_SWIFT_ASSET_SYMBOL_EXTENSIONS = YES;
				CLANG_ANALYZER_NONNULL = YES;
				CLANG_ANALYZER_NUMBER_OBJECT_CONVERSION = YES_AGGRESSIVE;
				CLANG_CXX_LANGUAGE_STANDARD = "gnu++20";
				CLANG_ENABLE_MODULES = YES;
				CLANG_ENABLE_OBJC_ARC = YES;
				CLANG_ENABLE_OBJC_WEAK = YES;
				CLANG_WARN_BLOCK_CAPTURE_AUTORELEASING = YES;
				CLANG_WARN_BOOL_CONVERSION = YES;
				CLANG_WARN_COMMA = YES;
				CLANG_WARN_CONSTANT_CONVERSION = YES;
				CLANG_WARN_DEPRECATED_OBJC_IMPLEMENTATIONS = YES;
				CLANG_WARN_DIRECT_OBJC_ISA_USAGE = YES_ERROR;
				CLANG_WARN_DOCUMENTATION_COMMENTS = YES;
				CLANG_WARN_EMPTY_BODY = YES;
				CLANG_WARN_ENUM_CONVERSION = YES;
				CLANG_WARN_INFINITE_RECURSION = YES;
				CLANG_WARN_INT_CONVERSION = YES;
				CLANG_WARN_NON_LITERAL_NULL_CONVERSION = YES;
				CLANG_WARN_OBJC_IMPLICIT_RETAIN_SELF = YES;
				CLANG_WARN_OBJC_LITERAL_CONVERSION = YES;
				CLANG_WARN_OBJC_ROOT_CLASS = YES_ERROR;
				CLANG_WARN_QUOTED_INCLUDE_IN_FRAMEWORK_HEADER = YES;
				CLANG_WARN_RANGE_LOOP_ANALYSIS = YES;
				CLANG_WARN_STRICT_PROTOTYPES = YES;
				CLANG_WARN_SUSPICIOUS_MOVE = YES;
				CLANG_WARN_UNGUARDED_AVAILABILITY = YES_AGGRESSIVE;
				CLANG_WARN_UNREACHABLE_CODE = YES;
				CLANG_WARN__DUPLICATE_METHOD_MATCH = YES;
				COPY_PHASE_STRIP = NO;
				DEBUG_INFORMATION_FORMAT = "dwarf-with-dsym";
				ENABLE_NS_ASSERTIONS = NO;
				ENABLE_STRICT_OBJC_MSGSEND = YES;
				ENABLE_USER_SCRIPT_SANDBOXING = YES;
				GCC_C_LANGUAGE_STANDARD = gnu17;
				GCC_NO_COMMON_BLOCKS = YES;
				GCC_WARN_64_TO_32_BIT_CONVERSION = YES;
				GCC_WARN_ABOUT_RETURN_TYPE = YES_ERROR;
				GCC_WARN_UNDECLARED_SELECTOR = YES;
				GCC_WARN_UNINITIALIZED_AUTOS = YES_AGGRESSIVE;
				GCC_WARN_UNUSED_FUNCTION = YES;
				GCC_WARN_UNUSED_VARIABLE = YES;
				IPHONEOS_DEPLOYMENT_TARGET = 17.5;
				LOCALIZATION_PREFERS_STRING_CATALOGS = YES;
				MTL_ENABLE_DEBUG_INFO = NO;
				MTL_FAST_MATH = YES;
				SDKROOT = iphoneos;
				SWIFT_COMPILATION_MODE = wholemodule;
				VALIDATE_PRODUCT = YES;
			};
			name = Release;
		};
		44C985122C8B589600C7BE27 /* Debug */ = {
			isa = XCBuildConfiguration;
			buildSettings = {
				ASSETCATALOG_COMPILER_APPICON_NAME = AppIcon;
				ASSETCATALOG_COMPILER_GLOBAL_ACCENT_COLOR_NAME = AccentColor;
				CODE_SIGN_STYLE = Automatic;
				CURRENT_PROJECT_VERSION = 1;
				DEVELOPMENT_ASSET_PATHS = "\"JobSearchLog/Preview Content\"";
				DEVELOPMENT_TEAM = WJ82JM369V;
				ENABLE_PREVIEWS = YES;
				GENERATE_INFOPLIST_FILE = YES;
				INFOPLIST_KEY_UIApplicationSceneManifest_Generation = YES;
				INFOPLIST_KEY_UIApplicationSupportsIndirectInputEvents = YES;
				INFOPLIST_KEY_UILaunchScreen_Generation = YES;
				INFOPLIST_KEY_UISupportedInterfaceOrientations_iPad = "UIInterfaceOrientationPortrait UIInterfaceOrientationPortraitUpsideDown UIInterfaceOrientationLandscapeLeft UIInterfaceOrientationLandscapeRight";
				INFOPLIST_KEY_UISupportedInterfaceOrientations_iPhone = "UIInterfaceOrientationPortrait UIInterfaceOrientationLandscapeLeft UIInterfaceOrientationLandscapeRight";
				IPHONEOS_DEPLOYMENT_TARGET = 16.0;
				LD_RUNPATH_SEARCH_PATHS = (
					"$(inherited)",
					"@executable_path/Frameworks",
				);
				MARKETING_VERSION = 1.0;
				PRODUCT_BUNDLE_IDENTIFIER = com.berankova.pavla.JobSearchLog;
				PRODUCT_NAME = "$(TARGET_NAME)";
				SWIFT_EMIT_LOC_STRINGS = YES;
				SWIFT_VERSION = 5.0;
				TARGETED_DEVICE_FAMILY = "1,2";
			};
			name = Debug;
		};
		44C985132C8B589600C7BE27 /* Release */ = {
			isa = XCBuildConfiguration;
			buildSettings = {
				ASSETCATALOG_COMPILER_APPICON_NAME = AppIcon;
				ASSETCATALOG_COMPILER_GLOBAL_ACCENT_COLOR_NAME = AccentColor;
				CODE_SIGN_STYLE = Automatic;
				CURRENT_PROJECT_VERSION = 1;
				DEVELOPMENT_ASSET_PATHS = "\"JobSearchLog/Preview Content\"";
				DEVELOPMENT_TEAM = WJ82JM369V;
				ENABLE_PREVIEWS = YES;
				GENERATE_INFOPLIST_FILE = YES;
				INFOPLIST_KEY_UIApplicationSceneManifest_Generation = YES;
				INFOPLIST_KEY_UIApplicationSupportsIndirectInputEvents = YES;
				INFOPLIST_KEY_UILaunchScreen_Generation = YES;
				INFOPLIST_KEY_UISupportedInterfaceOrientations_iPad = "UIInterfaceOrientationPortrait UIInterfaceOrientationPortraitUpsideDown UIInterfaceOrientationLandscapeLeft UIInterfaceOrientationLandscapeRight";
				INFOPLIST_KEY_UISupportedInterfaceOrientations_iPhone = "UIInterfaceOrientationPortrait UIInterfaceOrientationLandscapeLeft UIInterfaceOrientationLandscapeRight";
				IPHONEOS_DEPLOYMENT_TARGET = 16.0;
				LD_RUNPATH_SEARCH_PATHS = (
					"$(inherited)",
					"@executable_path/Frameworks",
				);
				MARKETING_VERSION = 1.0;
				PRODUCT_BUNDLE_IDENTIFIER = com.berankova.pavla.JobSearchLog;
				PRODUCT_NAME = "$(TARGET_NAME)";
				SWIFT_EMIT_LOC_STRINGS = YES;
				SWIFT_VERSION = 5.0;
				TARGETED_DEVICE_FAMILY = "1,2";
			};
			name = Release;
		};
/* End XCBuildConfiguration section */

/* Begin XCConfigurationList section */
		44C984FE2C8B589400C7BE27 /* Build configuration list for PBXProject "JobSearchLog" */ = {
			isa = XCConfigurationList;
			buildConfigurations = (
				44C9850F2C8B589600C7BE27 /* Debug */,
				44C985102C8B589600C7BE27 /* Release */,
			);
			defaultConfigurationIsVisible = 0;
			defaultConfigurationName = Release;
		};
		44C985112C8B589600C7BE27 /* Build configuration list for PBXNativeTarget "JobSearchLog" */ = {
			isa = XCConfigurationList;
			buildConfigurations = (
				44C985122C8B589600C7BE27 /* Debug */,
				44C985132C8B589600C7BE27 /* Release */,
			);
			defaultConfigurationIsVisible = 0;
			defaultConfigurationName = Release;
		};
/* End XCConfigurationList section */

/* Begin XCRemoteSwiftPackageReference section */
		445037FD2C94B34000D24926 /* XCRemoteSwiftPackageReference "firebase-ios-sdk" */ = {
			isa = XCRemoteSwiftPackageReference;
			repositoryURL = "https://github.com/firebase/firebase-ios-sdk";
			requirement = {
				kind = upToNextMajorVersion;
				minimumVersion = 11.2.0;
			};
		};
/* End XCRemoteSwiftPackageReference section */

/* Begin XCSwiftPackageProductDependency section */
		445037FE2C94B34000D24926 /* FirebaseAnalytics */ = {
			isa = XCSwiftPackageProductDependency;
			package = 445037FD2C94B34000D24926 /* XCRemoteSwiftPackageReference "firebase-ios-sdk" */;
			productName = FirebaseAnalytics;
		};
		445038002C94B34000D24926 /* FirebaseAuth */ = {
			isa = XCSwiftPackageProductDependency;
			package = 445037FD2C94B34000D24926 /* XCRemoteSwiftPackageReference "firebase-ios-sdk" */;
			productName = FirebaseAuth;
		};
		445038022C94B34000D24926 /* FirebaseDatabase */ = {
			isa = XCSwiftPackageProductDependency;
			package = 445037FD2C94B34000D24926 /* XCRemoteSwiftPackageReference "firebase-ios-sdk" */;
			productName = FirebaseDatabase;
		};
/* End XCSwiftPackageProductDependency section */
	};
	rootObject = 44C984FB2C8B589400C7BE27 /* Project object */;
}
